
Microsoft Visual Studio Solution File, Format Version 12.00
# Visual Studio Version 16
VisualStudioVersion = 16.0.29519.181
MinimumVisualStudioVersion = 10.0.40219.1
Project("{FAE04EC0-301F-11D3-BF4B-00C04F79EFBC}") = "Master Mind - Console App", "Master Mind - Console App\Master Mind - Console App.csproj", "{07032EF5-D216-43E4-BFDB-3555B2C34CCC}"
EndProject
Global
	GlobalSection(SolutionConfigurationPlatforms) = preSolution
		Debug|Any CPU = Debug|Any CPU
		Release|Any CPU = Release|Any CPU
	EndGlobalSection
	GlobalSection(ProjectConfigurationPlatforms) = postSolution
		{07032EF5-D216-43E4-BFDB-3555B2C34CCC}.Debug|Any CPU.ActiveCfg = Debug|Any CPU
		{07032EF5-D216-43E4-BFDB-3555B2C34CCC}.Debug|Any CPU.Build.0 = Debug|Any CPU
		{07032EF5-D216-43E4-BFDB-3555B2C34CCC}.Release|Any CPU.ActiveCfg = Release|Any CPU
		{07032EF5-D216-43E4-BFDB-3555B2C34CCC}.Release|Any CPU.Build.0 = Release|Any CPU
	EndGlobalSection
	GlobalSection(SolutionProperties) = preSolution
		HideSolutionNode = FALSE
	EndGlobalSection
	GlobalSection(ExtensibilityGlobals) = postSolution
		SolutionGuid = {D62E37DF-AB12-442C-9647-AEED88AEAE22}
	EndGlobalSection
EndGlobal
